
Microsoft Visual Studio Solution File, Format Version 12.00
# Visual Studio 15
VisualStudioVersion = 15.0.28307.136
MinimumVisualStudioVersion = 10.0.40219.1
Project("{FAE04EC0-301F-11D3-BF4B-00C04F79EFBC}") = "ConsignemntShopUI", "ConsignemntShopUI\ConsignemntShopUI.csproj", "{8724B6F9-396E-464A-B00C-0C2B245493C2}"
EndProject
Project("{FAE04EC0-301F-11D3-BF4B-00C04F79EFBC}") = "ConsignmentShopLibrary", "ConsignmentShopLibrary\ConsignmentShopLibrary.csproj", "{CC454CDD-3721-4164-828C-CC9F0B920154}"
EndProject
Global
	GlobalSection(SolutionConfigurationPlatforms) = preSolution
		Debug|Any CPU = Debug|Any CPU
		Release|Any CPU = Release|Any CPU
	EndGlobalSection
	GlobalSection(ProjectConfigurationPlatforms) = postSolution
		{8724B6F9-396E-464A-B00C-0C2B245493C2}.Debug|Any CPU.ActiveCfg = Debug|Any CPU
		{8724B6F9-396E-464A-B00C-0C2B245493C2}.Debug|Any CPU.Build.0 = Debug|Any CPU
		{8724B6F9-396E-464A-B00C-0C2B245493C2}.Release|Any CPU.ActiveCfg = Release|Any CPU
		{8724B6F9-396E-464A-B00C-0C2B245493C2}.Release|Any CPU.Build.0 = Release|Any CPU
		{CC454CDD-3721-4164-828C-CC9F0B920154}.Debug|Any CPU.ActiveCfg = Debug|Any CPU
		{CC454CDD-3721-4164-828C-CC9F0B920154}.Debug|Any CPU.Build.0 = Debug|Any CPU
		{CC454CDD-3721-4164-828C-CC9F0B920154}.Release|Any CPU.ActiveCfg = Release|Any CPU
		{CC454CDD-3721-4164-828C-CC9F0B920154}.Release|Any CPU.Build.0 = Release|Any CPU
	EndGlobalSection
	GlobalSection(SolutionProperties) = preSolution
		HideSolutionNode = FALSE
	EndGlobalSection
	GlobalSection(ExtensibilityGlobals) = postSolution
		SolutionGuid = {DBBCB327-F8E6-4AC2-A56D-8D705B43CEE3}
	EndGlobalSection
EndGlobal
